<Solution>
  <Folder Name="/parts/" />
  <Folder Name="/parts/part-01-drawing-and-moving/">
    <Project Path="parts/part-01-drawing-and-moving/RogueTutorial.Tests/RogueTutorial.Tests.csproj" />
    <Project Path="parts/part-01-drawing-and-moving/RogueTutorial/RogueTutorial.csproj" />
  </Folder>
  <Folder Name="/parts/part-02-entities-and-the-map/">
    <Project Path="parts/part-02-entities-and-the-map/RogueTutorial.Tests/RogueTutorial.Tests.csproj" />
    <Project Path="parts/part-02-entities-and-the-map/RogueTutorial/RogueTutorial.csproj" />
  </Folder>
  <Folder Name="/parts/part-03-dungeon-generation/">
    <Project Path="parts/part-03-dungeon-generation/RogueTutorial.Tests/RogueTutorial.Tests.csproj" />
    <Project Path="parts/part-03-dungeon-generation/RogueTutorial/RogueTutorial.csproj" />
  </Folder>
  <Folder Name="/parts/part-04-field-of-view/">
    <Project Path="parts/part-04-field-of-view/RogueTutorial.Tests/RogueTutorial.Tests.csproj" />
    <Project Path="parts/part-04-field-of-view/RogueTutorial/RogueTutorial.csproj" />
  </Folder>
  <Folder Name="/parts/part-05-placing-monsters/">
    <Project Path="parts/part-05-placing-monsters/RogueTutorial.Tests/RogueTutorial.Tests.csproj" />
    <Project Path="parts/part-05-placing-monsters/RogueTutorial/RogueTutorial.csproj" />
  </Folder>
  <Folder Name="/parts/part-06-combat/">
    <Project Path="parts/part-06-combat/RogueTutorial.Tests/RogueTutorial.Tests.csproj" />
    <Project Path="parts/part-06-combat/RogueTutorial/RogueTutorial.csproj" />
  </Folder>
  <Folder Name="/parts/part-07-log-and-health-bar/">
    <Project Path="parts/part-07-log-and-health-bar/RogueTutorial.Tests/RogueTutorial.Tests.csproj" />
    <Project Path="parts/part-07-log-and-health-bar/RogueTutorial/RogueTutorial.csproj" />
  </Folder>
  <Folder Name="/parts/part-08-items-and-inventory/">
    <Project Path="parts/part-08-items-and-inventory/RogueTutorial.Tests/RogueTutorial.Tests.csproj" />
    <Project Path="parts/part-08-items-and-inventory/RogueTutorial/RogueTutorial.csproj" />
  </Folder>
  <Folder Name="/parts/part-09-ranged-scrolls-and-targeting/">
    <Project Path="parts/part-09-ranged-scrolls-and-targeting/RogueTutorial.Tests/RogueTutorial.Tests.csproj" />
    <Project Path="parts/part-09-ranged-scrolls-and-targeting/RogueTutorial/RogueTutorial.csproj" />
  </Folder>
  <Folder Name="/parts/part-10-saving-and-loading/">
    <Project Path="parts/part-10-saving-and-loading/RogueTutorial.Tests/RogueTutorial.Tests.csproj" />
    <Project Path="parts/part-10-saving-and-loading/RogueTutorial/RogueTutorial.csproj" />
  </Folder>
  <Folder Name="/parts/part-11-levelling-up/">
    <Project Path="parts/part-11-levelling-up/RogueTutorial.Tests/RogueTutorial.Tests.csproj" />
    <Project Path="parts/part-11-levelling-up/RogueTutorial/RogueTutorial.csproj" />
  </Folder>
  <Folder Name="/parts/part-12-deeper-levels/">
    <Project Path="parts/part-12-deeper-levels/RogueTutorial.Tests/RogueTutorial.Tests.csproj" />
    <Project Path="parts/part-12-deeper-levels/RogueTutorial/RogueTutorial.csproj" />
  </Folder>
</Solution>
